// !$*UTF8*$!
{
	archiveVersion = 1;
	classes = {
	};
	objectVersion = 50;
	objects = {

/* Begin PBXBuildFile section */
		23499119222A724B00B10DD1 /* AppDelegate.m in Sources */ = {isa = PBXBuildFile; fileRef = 23499118222A724B00B10DD1 /* AppDelegate.m */; };
		2349911C222A724B00B10DD1 /* ViewController.m in Sources */ = {isa = PBXBuildFile; fileRef = 2349911B222A724B00B10DD1 /* ViewController.m */; };
		2349911F222A724B00B10DD1 /* Main.storyboard in Resources */ = {isa = PBXBuildFile; fileRef = 2349911D222A724B00B10DD1 /* Main.storyboard */; };
		23499121222A724E00B10DD1 /* Assets.xcassets in Resources */ = {isa = PBXBuildFile; fileRef = 23499120222A724E00B10DD1 /* Assets.xcassets */; };
		23499124222A724E00B10DD1 /* LaunchScreen.storyboard in Resources */ = {isa = PBXBuildFile; fileRef = 23499122222A724E00B10DD1 /* LaunchScreen.storyboard */; };
		23499127222A724E00B10DD1 /* main.m in Sources */ = {isa = PBXBuildFile; fileRef = 23499126222A724E00B10DD1 /* main.m */; };
		2349912F222A768000B10DD1 /* YFViewViewController.m in Sources */ = {isa = PBXBuildFile; fileRef = 2349912E222A768000B10DD1 /* YFViewViewController.m */; };
		23499132222A77E800B10DD1 /* YFTableViewController.m in Sources */ = {isa = PBXBuildFile; fileRef = 23499131222A77E800B10DD1 /* YFTableViewController.m */; };
		23CE2D9D222A7D9800603D50 /* First.storyboard in Resources */ = {isa = PBXBuildFile; fileRef = 23CE2D9C222A7D9800603D50 /* First.storyboard */; };
		23CE2D9F222A810000603D50 /* Login.storyboard in Resources */ = {isa = PBXBuildFile; fileRef = 23CE2D9E222A810000603D50 /* Login.storyboard */; };
		23CE2DA2222A82AB00603D50 /* LoginViewController.m in Sources */ = {isa = PBXBuildFile; fileRef = 23CE2DA1222A82AB00603D50 /* LoginViewController.m */; };
		23CE2DA5222A876A00603D50 /* HahaViewController.m in Sources */ = {isa = PBXBuildFile; fileRef = 23CE2DA4222A876A00603D50 /* HahaViewController.m */; };
		7796BC524B644B98F2EA7F4F /* libPods-StoryboardDemo.a in Frameworks */ = {isa = PBXBuildFile; fileRef = 207EB17DE2655FBEEE306DF2 /* libPods-StoryboardDemo.a */; };
/* End PBXBuildFile section */

/* Begin PBXFileReference section */
		0D6BBC52E8337466F8C20F2D /* Pods-StoryboardDemo.release.xcconfig */ = {isa = PBXFileReference; includeInIndex = 1; lastKnownFileType = text.xcconfig; name = "Pods-StoryboardDemo.release.xcconfig"; path = "Target Support Files/Pods-StoryboardDemo/Pods-StoryboardDemo.release.xcconfig"; sourceTree = "<group>"; };
		207EB17DE2655FBEEE306DF2 /* libPods-StoryboardDemo.a */ = {isa = PBXFileReference; explicitFileType = archive.ar; includeInIndex = 0; path = "libPods-StoryboardDemo.a"; sourceTree = BUILT_PRODUCTS_DIR; };
		23499114222A724B00B10DD1 /* StoryboardDemo.app */ = {isa = PBXFileReference; explicitFileType = wrapper.application; includeInIndex = 0; path = StoryboardDemo.app; sourceTree = BUILT_PRODUCTS_DIR; };
		23499117222A724B00B10DD1 /* AppDelegate.h */ = {isa = PBXFileReference; lastKnownFileType = sourcecode.c.h; path = AppDelegate.h; sourceTree = "<group>"; };
		23499118222A724B00B10DD1 /* AppDelegate.m */ = {isa = PBXFileReference; lastKnownFileType = sourcecode.c.objc; path = AppDelegate.m; sourceTree = "<group>"; };
		2349911A222A724B00B10DD1 /* ViewController.h */ = {isa = PBXFileReference; lastKnownFileType = sourcecode.c.h; path = ViewController.h; sourceTree = "<group>"; };
		2349911B222A724B00B10DD1 /* ViewController.m */ = {isa = PBXFileReference; lastKnownFileType = sourcecode.c.objc; path = ViewController.m; sourceTree = "<group>"; };
		2349911E222A724B00B10DD1 /* Base */ = {isa = PBXFileReference; lastKnownFileType = file.storyboard; name = Base; path = Base.lproj/Main.storyboard; sourceTree = "<group>"; };
		23499120222A724E00B10DD1 /* Assets.xcassets */ = {isa = PBXFileReference; lastKnownFileType = folder.assetcatalog; path = Assets.xcassets; sourceTree = "<group>"; };
		23499123222A724E00B10DD1 /* Base */ = {isa = PBXFileReference; lastKnownFileType = file.storyboard; name = Base; path = Base.lproj/LaunchScreen.storyboard; sourceTree = "<group>"; };
		23499125222A724E00B10DD1 /* Info.plist */ = {isa = PBXFileReference; lastKnownFileType = text.plist.xml; path = Info.plist; sourceTree = "<group>"; };
		23499126222A724E00B10DD1 /* main.m */ = {isa = PBXFileReference; lastKnownFileType = sourcecode.c.objc; path = main.m; sourceTree = "<group>"; };
		2349912D222A768000B10DD1 /* YFViewViewController.h */ = {isa = PBXFileReference; lastKnownFileType = sourcecode.c.h; path = YFViewViewController.h; sourceTree = "<group>"; };
		2349912E222A768000B10DD1 /* YFViewViewController.m */ = {isa = PBXFileReference; lastKnownFileType = sourcecode.c.objc; path = YFViewViewController.m; sourceTree = "<group>"; };
		23499130222A77E800B10DD1 /* YFTableViewController.h */ = {isa = PBXFileReference; lastKnownFileType = sourcecode.c.h; path = YFTableViewController.h; sourceTree = "<group>"; };
		23499131222A77E800B10DD1 /* YFTableViewController.m */ = {isa = PBXFileReference; lastKnownFileType = sourcecode.c.objc; path = YFTableViewController.m; sourceTree = "<group>"; };
		23CE2D9C222A7D9800603D50 /* First.storyboard */ = {isa = PBXFileReference; fileEncoding = 4; lastKnownFileType = file.storyboard; path = First.storyboard; sourceTree = "<group>"; };
		23CE2D9E222A810000603D50 /* Login.storyboard */ = {isa = PBXFileReference; lastKnownFileType = file.storyboard; path = Login.storyboard; sourceTree = "<group>"; };
		23CE2DA0222A82AB00603D50 /* LoginViewController.h */ = {isa = PBXFileReference; lastKnownFileType = sourcecode.c.h; path = LoginViewController.h; sourceTree = "<group>"; };
		23CE2DA1222A82AB00603D50 /* LoginViewController.m */ = {isa = PBXFileReference; lastKnownFileType = sourcecode.c.objc; path = LoginViewController.m; sourceTree = "<group>"; };
		23CE2DA3222A876A00603D50 /* HahaViewController.h */ = {isa = PBXFileReference; lastKnownFileType = sourcecode.c.h; path = HahaViewController.h; sourceTree = "<group>"; };
		23CE2DA4222A876A00603D50 /* HahaViewController.m */ = {isa = PBXFileReference; lastKnownFileType = sourcecode.c.objc; path = HahaViewController.m; sourceTree = "<group>"; };
		CD4EEC82905087F720DAA3AB /* Pods-StoryboardDemo.debug.xcconfig */ = {isa = PBXFileReference; includeInIndex = 1; lastKnownFileType = text.xcconfig; name = "Pods-StoryboardDemo.debug.xcconfig"; path = "Target Support Files/Pods-StoryboardDemo/Pods-StoryboardDemo.debug.xcconfig"; sourceTree = "<group>"; };
/* End PBXFileReference section */

/* Begin PBXFrameworksBuildPhase section */
		23499111222A724B00B10DD1 /* Frameworks */ = {
			isa = PBXFrameworksBuildPhase;
			buildActionMask = 2147483647;
			files = (
				7796BC524B644B98F2EA7F4F /* libPods-StoryboardDemo.a in Frameworks */,
			);
			runOnlyForDeploymentPostprocessing = 0;
		};
/* End PBXFrameworksBuildPhase section */

/* Begin PBXGroup section */
		1C13E6C74B55DC08BBA7DC44 /* Pods */ = {
			isa = PBXGroup;
			children = (
				CD4EEC82905087F720DAA3AB /* Pods-StoryboardDemo.debug.xcconfig */,
				0D6BBC52E8337466F8C20F2D /* Pods-StoryboardDemo.release.xcconfig */,
			);
			name = Pods;
			path = Pods;
			sourceTree = "<group>";
		};
		2349910B222A724B00B10DD1 = {
			isa = PBXGroup;
			children = (
				23499116222A724B00B10DD1 /* StoryboardDemo */,
				23499115222A724B00B10DD1 /* Products */,
				1C13E6C74B55DC08BBA7DC44 /* Pods */,
				927FB720A7CBF42F2A2E929B /* Frameworks */,
			);
			sourceTree = "<group>";
		};
		23499115222A724B00B10DD1 /* Products */ = {
			isa = PBXGroup;
			children = (
				23499114222A724B00B10DD1 /* StoryboardDemo.app */,
			);
			name = Products;
			sourceTree = "<group>";
		};
		23499116222A724B00B10DD1 /* StoryboardDemo */ = {
			isa = PBXGroup;
			children = (
				23499117222A724B00B10DD1 /* AppDelegate.h */,
				23499118222A724B00B10DD1 /* AppDelegate.m */,
				2349911A222A724B00B10DD1 /* ViewController.h */,
				2349911B222A724B00B10DD1 /* ViewController.m */,
				2349912D222A768000B10DD1 /* YFViewViewController.h */,
				2349912E222A768000B10DD1 /* YFViewViewController.m */,
				23499130222A77E800B10DD1 /* YFTableViewController.h */,
				23499131222A77E800B10DD1 /* YFTableViewController.m */,
				23CE2DA0222A82AB00603D50 /* LoginViewController.h */,
				23CE2DA1222A82AB00603D50 /* LoginViewController.m */,
				23CE2DA3222A876A00603D50 /* HahaViewController.h */,
				23CE2DA4222A876A00603D50 /* HahaViewController.m */,
				23CE2D9C222A7D9800603D50 /* First.storyboard */,
				2349911D222A724B00B10DD1 /* Main.storyboard */,
				23CE2D9E222A810000603D50 /* Login.storyboard */,
				23499120222A724E00B10DD1 /* Assets.xcassets */,
				23499122222A724E00B10DD1 /* LaunchScreen.storyboard */,
				23499125222A724E00B10DD1 /* Info.plist */,
				23499126222A724E00B10DD1 /* main.m */,
			);
			path = StoryboardDemo;
			sourceTree = "<group>";
		};
		927FB720A7CBF42F2A2E929B /* Frameworks */ = {
			isa = PBXGroup;
			children = (
				207EB17DE2655FBEEE306DF2 /* libPods-StoryboardDemo.a */,
			);
			name = Frameworks;
			sourceTree = "<group>";
		};
/* End PBXGroup section */

/* Begin PBXNativeTarget section */
		23499113222A724B00B10DD1 /* StoryboardDemo */ = {
			isa = PBXNativeTarget;
			buildConfigurationList = 2349912A222A724E00B10DD1 /* Build configuration list for PBXNativeTarget "StoryboardDemo" */;
			buildPhases = (
				05AFE33F720BC99FD296DCED /* [CP] Check Pods Manifest.lock */,
				23499110222A724B00B10DD1 /* Sources */,
				23499111222A724B00B10DD1 /* Frameworks */,
				23499112222A724B00B10DD1 /* Resources */,
			);
			buildRules = (
			);
			dependencies = (
			);
			name = StoryboardDemo;
			productName = StoryboardDemo;
			productReference = 23499114222A724B00B10DD1 /* StoryboardDemo.app */;
			productType = "com.apple.product-type.application";
		};
/* End PBXNativeTarget section */

/* Begin PBXProject section */
		2349910C222A724B00B10DD1 /* Project object */ = {
			isa = PBXProject;
			attributes = {
				LastUpgradeCheck = 1010;
				ORGANIZATIONNAME = "李友富";
				TargetAttributes = {
					23499113222A724B00B10DD1 = {
						CreatedOnToolsVersion = 10.1;
					};
				};
			};
			buildConfigurationList = 2349910F222A724B00B10DD1 /* Build configuration list for PBXProject "StoryboardDemo" */;
			compatibilityVersion = "Xcode 9.3";
			developmentRegion = en;
			hasScannedForEncodings = 0;
			knownRegions = (
				en,
				Base,
			);
			mainGroup = 2349910B222A724B00B10DD1;
			productRefGroup = 23499115222A724B00B10DD1 /* Products */;
			projectDirPath = "";
			projectRoot = "";
			targets = (
				23499113222A724B00B10DD1 /* StoryboardDemo */,
			);
		};
/* End PBXProject section */

/* Begin PBXResourcesBuildPhase section */
		23499112222A724B00B10DD1 /* Resources */ = {
			isa = PBXResourcesBuildPhase;
			buildActionMask = 2147483647;
			files = (
				23499124222A724E00B10DD1 /* LaunchScreen.storyboard in Resources */,
				23499121222A724E00B10DD1 /* Assets.xcassets in Resources */,
				2349911F222A724B00B10DD1 /* Main.storyboard in Resources */,
				23CE2D9F222A810000603D50 /* Login.storyboard in Resources */,
				23CE2D9D222A7D9800603D50 /* First.storyboard in Resources */,
			);
			runOnlyForDeploymentPostprocessing = 0;
		};
/* End PBXResourcesBuildPhase section */

/* Begin PBXShellScriptBuildPhase section */
		05AFE33F720BC99FD296DCED /* [CP] Check Pods Manifest.lock */ = {
			isa = PBXShellScriptBuildPhase;
			buildActionMask = 2147483647;
			files = (
			);
			inputFileListPaths = (
			);
			inputPaths = (
				"${PODS_PODFILE_DIR_PATH}/Podfile.lock",
				"${PODS_ROOT}/Manifest.lock",
			);
			name = "[CP] Check Pods Manifest.lock";
			outputFileListPaths = (
			);
			outputPaths = (
				"$(DERIVED_FILE_DIR)/Pods-StoryboardDemo-checkManifestLockResult.txt",
			);
			runOnlyForDeploymentPostprocessing = 0;
			shellPath = /bin/sh;
			shellScript = "diff \"${PODS_PODFILE_DIR_PATH}/Podfile.lock\" \"${PODS_ROOT}/Manifest.lock\" > /dev/null\nif [ $? != 0 ] ; then\n    # print error to STDERR\n    echo \"error: The sandbox is not in sync with the Podfile.lock. Run 'pod install' or update your CocoaPods installation.\" >&2\n    exit 1\nfi\n# This output is used by Xcode 'outputs' to avoid re-running this script phase.\necho \"SUCCESS\" > \"${SCRIPT_OUTPUT_FILE_0}\"\n";
			showEnvVarsInLog = 0;
		};
/* End PBXShellScriptBuildPhase section */

/* Begin PBXSourcesBuildPhase section */
		23499110222A724B00B10DD1 /* Sources */ = {
			isa = PBXSourcesBuildPhase;
			buildActionMask = 2147483647;
			files = (
				2349911C222A724B00B10DD1 /* ViewController.m in Sources */,
				23499127222A724E00B10DD1 /* main.m in Sources */,
				23CE2DA2222A82AB00603D50 /* LoginViewController.m in Sources */,
				23499132222A77E800B10DD1 /* YFTableViewController.m in Sources */,
				2349912F222A768000B10DD1 /* YFViewViewController.m in Sources */,
				23499119222A724B00B10DD1 /* AppDelegate.m in Sources */,
				23CE2DA5222A876A00603D50 /* HahaViewController.m in Sources */,
			);
			runOnlyForDeploymentPostprocessing = 0;
		};
/* End PBXSourcesBuildPhase section */

/* Begin PBXVariantGroup section */
		2349911D222A724B00B10DD1 /* Main.storyboard */ = {
			isa = PBXVariantGroup;
			children = (
				2349911E222A724B00B10DD1 /* Base */,
			);
			name = Main.storyboard;
			sourceTree = "<group>";
		};
		23499122222A724E00B10DD1 /* LaunchScreen.storyboard */ = {
			isa = PBXVariantGroup;
			children = (
				23499123222A724E00B10DD1 /* Base */,
			);
			name = LaunchScreen.storyboard;
			sourceTree = "<group>";
		};
/* End PBXVariantGroup section */

/* Begin XCBuildConfiguration section */
		23499128222A724E00B10DD1 /* Debug */ = {
			isa = XCBuildConfiguration;
			buildSettings = {
				ALWAYS_SEARCH_USER_PATHS = NO;
				CLANG_ANALYZER_NONNULL = YES;
				CLANG_ANALYZER_NUMBER_OBJECT_CONVERSION = YES_AGGRESSIVE;
				CLANG_CXX_LANGUAGE_STANDARD = "gnu++14";
				CLANG_CXX_LIBRARY = "libc++";
				CLANG_ENABLE_MODULES = YES;
				CLANG_ENABLE_OBJC_ARC = YES;
				CLANG_ENABLE_OBJC_WEAK = YES;
				CLANG_WARN_BLOCK_CAPTURE_AUTORELEASING = YES;
				CLANG_WARN_BOOL_CONVERSION = YES;
				CLANG_WARN_COMMA = YES;
				CLANG_WARN_CONSTANT_CONVERSION = YES;
				CLANG_WARN_DEPRECATED_OBJC_IMPLEMENTATIONS = YES;
				CLANG_WARN_DIRECT_OBJC_ISA_USAGE = YES_ERROR;
				CLANG_WARN_DOCUMENTATION_COMMENTS = YES;
				CLANG_WARN_EMPTY_BODY = YES;
				CLANG_WARN_ENUM_CONVERSION = YES;
				CLANG_WARN_INFINITE_RECURSION = YES;
				CLANG_WARN_INT_CONVERSION = YES;
				CLANG_WARN_NON_LITERAL_NULL_CONVERSION = YES;
				CLANG_WARN_OBJC_IMPLICIT_RETAIN_SELF = YES;
				CLANG_WARN_OBJC_LITERAL_CONVERSION = YES;
				CLANG_WARN_OBJC_ROOT_CLASS = YES_ERROR;
				CLANG_WARN_RANGE_LOOP_ANALYSIS = YES;
				CLANG_WARN_STRICT_PROTOTYPES = YES;
				CLANG_WARN_SUSPICIOUS_MOVE = YES;
				CLANG_WARN_UNGUARDED_AVAILABILITY = YES_AGGRESSIVE;
				CLANG_WARN_UNREACHABLE_CODE = YES;
				CLANG_WARN__DUPLICATE_METHOD_MATCH = YES;
				CODE_SIGN_IDENTITY = "iPhone Developer";
				COPY_PHASE_STRIP = NO;
				DEBUG_INFORMATION_FORMAT = dwarf;
				ENABLE_STRICT_OBJC_MSGSEND = YES;
				ENABLE_TESTABILITY = YES;
				GCC_C_LANGUAGE_STANDARD = gnu11;
				GCC_DYNAMIC_NO_PIC = NO;
				GCC_NO_COMMON_BLOCKS = YES;
				GCC_OPTIMIZATION_LEVEL = 0;
				GCC_PREPROCESSOR_DEFINITIONS = (
					"DEBUG=1",
					"$(inherited)",
				);
				GCC_WARN_64_TO_32_BIT_CONVERSION = YES;
				GCC_WARN_ABOUT_RETURN_TYPE = YES_ERROR;
				GCC_WARN_UNDECLARED_SELECTOR = YES;
				GCC_WARN_UNINITIALIZED_AUTOS = YES_AGGRESSIVE;
				GCC_WARN_UNUSED_FUNCTION = YES;
				GCC_WARN_UNUSED_VARIABLE = YES;
				IPHONEOS_DEPLOYMENT_TARGET = 12.1;
				MTL_ENABLE_DEBUG_INFO = INCLUDE_SOURCE;
				MTL_FAST_MATH = YES;
				ONLY_ACTIVE_ARCH = YES;
				SDKROOT = iphoneos;
			};
			name = Debug;
		};
		23499129222A724E00B10DD1 /* Release */ = {
			isa = XCBuildConfiguration;
			buildSettings = {
				ALWAYS_SEARCH_USER_PATHS = NO;
				CLANG_ANALYZER_NONNULL = YES;
				CLANG_ANALYZER_NUMBER_OBJECT_CONVERSION = YES_AGGRESSIVE;
				CLANG_CXX_LANGUAGE_STANDARD = "gnu++14";
				CLANG_CXX_LIBRARY = "libc++";
				CLANG_ENABLE_MODULES = YES;
				CLANG_ENABLE_OBJC_ARC = YES;
				CLANG_ENABLE_OBJC_WEAK = YES;
				CLANG_WARN_BLOCK_CAPTURE_AUTORELEASING = YES;
				CLANG_WARN_BOOL_CONVERSION = YES;
				CLANG_WARN_COMMA = YES;
				CLANG_WARN_CONSTANT_CONVERSION = YES;
				CLANG_WARN_DEPRECATED_OBJC_IMPLEMENTATIONS = YES;
				CLANG_WARN_DIRECT_OBJC_ISA_USAGE = YES_ERROR;
				CLANG_WARN_DOCUMENTATION_COMMENTS = YES;
				CLANG_WARN_EMPTY_BODY = YES;
				CLANG_WARN_ENUM_CONVERSION = YES;
				CLANG_WARN_INFINITE_RECURSION = YES;
				CLANG_WARN_INT_CONVERSION = YES;
				CLANG_WARN_NON_LITERAL_NULL_CONVERSION = YES;
				CLANG_WARN_OBJC_IMPLICIT_RETAIN_SELF = YES;
				CLANG_WARN_OBJC_LITERAL_CONVERSION = YES;
				CLANG_WARN_OBJC_ROOT_CLASS = YES_ERROR;
				CLANG_WARN_RANGE_LOOP_ANALYSIS = YES;
				CLANG_WARN_STRICT_PROTOTYPES = YES;
				CLANG_WARN_SUSPICIOUS_MOVE = YES;
				CLANG_WARN_UNGUARDED_AVAILABILITY = YES_AGGRESSIVE;
				CLANG_WARN_UNREACHABLE_CODE = YES;
				CLANG_WARN__DUPLICATE_METHOD_MATCH = YES;
				CODE_SIGN_IDENTITY = "iPhone Developer";
				COPY_PHASE_STRIP = NO;
				DEBUG_INFORMATION_FORMAT = "dwarf-with-dsym";
				ENABLE_NS_ASSERTIONS = NO;
				ENABLE_STRICT_OBJC_MSGSEND = YES;
				GCC_C_LANGUAGE_STANDARD = gnu11;
				GCC_NO_COMMON_BLOCKS = YES;
				GCC_WARN_64_TO_32_BIT_CONVERSION = YES;
				GCC_WARN_ABOUT_RETURN_TYPE = YES_ERROR;
				GCC_WARN_UNDECLARED_SELECTOR = YES;
				GCC_WARN_UNINITIALIZED_AUTOS = YES_AGGRESSIVE;
				GCC_WARN_UNUSED_FUNCTION = YES;
				GCC_WARN_UNUSED_VARIABLE = YES;
				IPHONEOS_DEPLOYMENT_TARGET = 12.1;
				MTL_ENABLE_DEBUG_INFO = NO;
				MTL_FAST_MATH = YES;
				SDKROOT = iphoneos;
				VALIDATE_PRODUCT = YES;
			};
			name = Release;
		};
		2349912B222A724E00B10DD1 /* Debug */ = {
			isa = XCBuildConfiguration;
			baseConfigurationReference = CD4EEC82905087F720DAA3AB /* Pods-StoryboardDemo.debug.xcconfig */;
			buildSettings = {
				ASSETCATALOG_COMPILER_APPICON_NAME = AppIcon;
				CODE_SIGN_STYLE = Automatic;
				DEVELOPMENT_TEAM = B5BQA8NH32;
				INFOPLIST_FILE = StoryboardDemo/Info.plist;
				LD_RUNPATH_SEARCH_PATHS = (
					"$(inherited)",
					"@executable_path/Frameworks",
				);
				PRODUCT_BUNDLE_IDENTIFIER = com.apgold.StoryboardDemo;
				PRODUCT_NAME = "$(TARGET_NAME)";
				TARGETED_DEVICE_FAMILY = "1,2";
			};
			name = Debug;
		};
		2349912C222A724E00B10DD1 /* Release */ = {
			isa = XCBuildConfiguration;
			baseConfigurationReference = 0D6BBC52E8337466F8C20F2D /* Pods-StoryboardDemo.release.xcconfig */;
			buildSettings = {
				ASSETCATALOG_COMPILER_APPICON_NAME = AppIcon;
				CODE_SIGN_STYLE = Automatic;
				DEVELOPMENT_TEAM = B5BQA8NH32;
				INFOPLIST_FILE = StoryboardDemo/Info.plist;
				LD_RUNPATH_SEARCH_PATHS = (
					"$(inherited)",
					"@executable_path/Frameworks",
				);
				PRODUCT_BUNDLE_IDENTIFIER = com.apgold.StoryboardDemo;
				PRODUCT_NAME = "$(TARGET_NAME)";
				TARGETED_DEVICE_FAMILY = "1,2";
			};
			name = Release;
		};
/* End XCBuildConfiguration section */

/* Begin XCConfigurationList section */
		2349910F222A724B00B10DD1 /* Build configuration list for PBXProject "StoryboardDemo" */ = {
			isa = XCConfigurationList;
			buildConfigurations = (
				23499128222A724E00B10DD1 /* Debug */,
				23499129222A724E00B10DD1 /* Release */,
			);
			defaultConfigurationIsVisible = 0;
			defaultConfigurationName = Release;
		};
		2349912A222A724E00B10DD1 /* Build configuration list for PBXNativeTarget "StoryboardDemo" */ = {
			isa = XCConfigurationList;
			buildConfigurations = (
				2349912B222A724E00B10DD1 /* Debug */,
				2349912C222A724E00B10DD1 /* Release */,
			);
			defaultConfigurationIsVisible = 0;
			defaultConfigurationName = Release;
		};
/* End XCConfigurationList section */
	};
	rootObject = 2349910C222A724B00B10DD1 /* Project object */;
}
